
Microsoft Visual Studio Solution File, Format Version 12.00
# Visual Studio Version 16
VisualStudioVersion = 16.0.31729.503
MinimumVisualStudioVersion = 10.0.40219.1
Project("{FAE04EC0-301F-11D3-BF4B-00C04F79EFBC}") = "praktika", "praktika\praktika.csproj", "{8B966995-5E01-4AD4-A991-95213EF143D2}"
EndProject
Global
	GlobalSection(SolutionConfigurationPlatforms) = preSolution
		Debug|Any CPU = Debug|Any CPU
		Release|Any CPU = Release|Any CPU
	EndGlobalSection
	GlobalSection(ProjectConfigurationPlatforms) = postSolution
		{8B966995-5E01-4AD4-A991-95213EF143D2}.Debug|Any CPU.ActiveCfg = Debug|Any CPU
		{8B966995-5E01-4AD4-A991-95213EF143D2}.Debug|Any CPU.Build.0 = Debug|Any CPU
		{8B966995-5E01-4AD4-A991-95213EF143D2}.Release|Any CPU.ActiveCfg = Release|Any CPU
		{8B966995-5E01-4AD4-A991-95213EF143D2}.Release|Any CPU.Build.0 = Release|Any CPU
	EndGlobalSection
	GlobalSection(SolutionProperties) = preSolution
		HideSolutionNode = FALSE
	EndGlobalSection
	GlobalSection(ExtensibilityGlobals) = postSolution
		SolutionGuid = {99FDD63A-E266-4285-BD8E-FB21047EA265}
	EndGlobalSection
EndGlobal
